
Microsoft Visual Studio Solution File, Format Version 12.00
# Visual Studio 15
VisualStudioVersion = 15.0.28307.489
MinimumVisualStudioVersion = 10.0.40219.1
Project("{FAE04EC0-301F-11D3-BF4B-00C04F79EFBC}") = "PersonnelMVC", "PersonnelMVC\PersonnelMVC.csproj", "{B69385A0-D463-47E8-8EA5-C7513A4745FA}"
EndProject
Global
	GlobalSection(SolutionConfigurationPlatforms) = preSolution
		Debug|Any CPU = Debug|Any CPU
		Release|Any CPU = Release|Any CPU
	EndGlobalSection
	GlobalSection(ProjectConfigurationPlatforms) = postSolution
		{B69385A0-D463-47E8-8EA5-C7513A4745FA}.Debug|Any CPU.ActiveCfg = Debug|Any CPU
		{B69385A0-D463-47E8-8EA5-C7513A4745FA}.Debug|Any CPU.Build.0 = Debug|Any CPU
		{B69385A0-D463-47E8-8EA5-C7513A4745FA}.Release|Any CPU.ActiveCfg = Release|Any CPU
		{B69385A0-D463-47E8-8EA5-C7513A4745FA}.Release|Any CPU.Build.0 = Release|Any CPU
	EndGlobalSection
	GlobalSection(SolutionProperties) = preSolution
		HideSolutionNode = FALSE
	EndGlobalSection
	GlobalSection(ExtensibilityGlobals) = postSolution
		SolutionGuid = {EC22C274-802B-4C15-ADD5-1E6C45294065}
	EndGlobalSection
EndGlobal
